
Microsoft Visual Studio Solution File, Format Version 12.00
# Visual Studio Version 17
VisualStudioVersion = 17.2.32602.215
MinimumVisualStudioVersion = 10.0.40219.1
Project("{2150E333-8FDC-42A3-9474-1A3956D46DE8}") = "src", "src", "{BCDE5232-17F4-48BD-92E6-6BEFAB1880D0}"
EndProject
Project("{2150E333-8FDC-42A3-9474-1A3956D46DE8}") = "Services", "Services", "{A43C66FD-604B-4D44-A30E-67124DB7C117}"
EndProject
Global
	GlobalSection(SolutionProperties) = preSolution
		HideSolutionNode = FALSE
	EndGlobalSection
	GlobalSection(NestedProjects) = preSolution
		{A43C66FD-604B-4D44-A30E-67124DB7C117} = {BCDE5232-17F4-48BD-92E6-6BEFAB1880D0}
	EndGlobalSection
	GlobalSection(ExtensibilityGlobals) = postSolution
		SolutionGuid = {C00120EC-6539-42CE-BF62-6313017D0747}
	EndGlobalSection
EndGlobal
